
Microsoft Visual Studio Solution File, Format Version 12.00
# Visual Studio Version 16
VisualStudioVersion = 16.0.29519.87
MinimumVisualStudioVersion = 10.0.40219.1
Project("{9A19103F-16F7-4668-BE54-9A1E7A4F7556}") = "Gravirozas.Repository", "gravirozas.Repository\Gravirozas.Repository.csproj", "{2ACEF449-9A98-4AF5-8270-CC353C8AB420}"
EndProject
Project("{9A19103F-16F7-4668-BE54-9A1E7A4F7556}") = "Gravirozas.Model", "Gravirozas.Model\Gravirozas.Model.csproj", "{695B83EC-414E-413A-AA82-0F7EAD22138A}"
EndProject
Project("{9A19103F-16F7-4668-BE54-9A1E7A4F7556}") = "Gravirozas.Service", "Gravirozas.Service\Gravirozas.Service.csproj", "{4F7611B2-6FC0-4175-99F1-9518F9115538}"
EndProject
Project("{00D1A9C2-B5F0-4AF3-8072-F6C62B433612}") = "Gravirozas.SQL", "Gravirozas.SQL\Gravirozas.SQL.sqlproj", "{2F0BE095-96E7-459F-B92E-36EF2951C3D0}"
EndProject
Project("{FAE04EC0-301F-11D3-BF4B-00C04F79EFBC}") = "Gravirozas", "Gravirozas\Gravirozas.csproj", "{7ADFEFAD-9F4D-4451-BC5C-BBEA4DF1DC12}"
EndProject
Global
	GlobalSection(SolutionConfigurationPlatforms) = preSolution
		Debug|Any CPU = Debug|Any CPU
		Release|Any CPU = Release|Any CPU
	EndGlobalSection
	GlobalSection(ProjectConfigurationPlatforms) = postSolution
		{2ACEF449-9A98-4AF5-8270-CC353C8AB420}.Debug|Any CPU.ActiveCfg = Debug|Any CPU
		{2ACEF449-9A98-4AF5-8270-CC353C8AB420}.Debug|Any CPU.Build.0 = Debug|Any CPU
		{2ACEF449-9A98-4AF5-8270-CC353C8AB420}.Release|Any CPU.ActiveCfg = Release|Any CPU
		{2ACEF449-9A98-4AF5-8270-CC353C8AB420}.Release|Any CPU.Build.0 = Release|Any CPU
		{695B83EC-414E-413A-AA82-0F7EAD22138A}.Debug|Any CPU.ActiveCfg = Debug|Any CPU
		{695B83EC-414E-413A-AA82-0F7EAD22138A}.Debug|Any CPU.Build.0 = Debug|Any CPU
		{695B83EC-414E-413A-AA82-0F7EAD22138A}.Release|Any CPU.ActiveCfg = Release|Any CPU
		{695B83EC-414E-413A-AA82-0F7EAD22138A}.Release|Any CPU.Build.0 = Release|Any CPU
		{4F7611B2-6FC0-4175-99F1-9518F9115538}.Debug|Any CPU.ActiveCfg = Debug|Any CPU
		{4F7611B2-6FC0-4175-99F1-9518F9115538}.Debug|Any CPU.Build.0 = Debug|Any CPU
		{4F7611B2-6FC0-4175-99F1-9518F9115538}.Release|Any CPU.ActiveCfg = Release|Any CPU
		{4F7611B2-6FC0-4175-99F1-9518F9115538}.Release|Any CPU.Build.0 = Release|Any CPU
		{2F0BE095-96E7-459F-B92E-36EF2951C3D0}.Debug|Any CPU.ActiveCfg = Debug|Any CPU
		{2F0BE095-96E7-459F-B92E-36EF2951C3D0}.Debug|Any CPU.Build.0 = Debug|Any CPU
		{2F0BE095-96E7-459F-B92E-36EF2951C3D0}.Debug|Any CPU.Deploy.0 = Debug|Any CPU
		{2F0BE095-96E7-459F-B92E-36EF2951C3D0}.Release|Any CPU.ActiveCfg = Release|Any CPU
		{2F0BE095-96E7-459F-B92E-36EF2951C3D0}.Release|Any CPU.Build.0 = Release|Any CPU
		{2F0BE095-96E7-459F-B92E-36EF2951C3D0}.Release|Any CPU.Deploy.0 = Release|Any CPU
		{7ADFEFAD-9F4D-4451-BC5C-BBEA4DF1DC12}.Debug|Any CPU.ActiveCfg = Debug|Any CPU
		{7ADFEFAD-9F4D-4451-BC5C-BBEA4DF1DC12}.Debug|Any CPU.Build.0 = Debug|Any CPU
		{7ADFEFAD-9F4D-4451-BC5C-BBEA4DF1DC12}.Release|Any CPU.ActiveCfg = Release|Any CPU
		{7ADFEFAD-9F4D-4451-BC5C-BBEA4DF1DC12}.Release|Any CPU.Build.0 = Release|Any CPU
	EndGlobalSection
	GlobalSection(SolutionProperties) = preSolution
		HideSolutionNode = FALSE
	EndGlobalSection
	GlobalSection(ExtensibilityGlobals) = postSolution
		SolutionGuid = {B151075C-F582-424A-B411-2F73A3FFAC6A}
	EndGlobalSection
EndGlobal
